
Microsoft Visual Studio Solution File, Format Version 12.00
Project("{2150E333-8FDC-42A3-9474-1A3956D46DE8}") = "0. Elsa Solution Items", "0. Elsa Solution Items", "{4D985658-7E40-4484-8042-DD25677D5394}"
	ProjectSection(SolutionItems) = preProject
		README.md = README.md
	EndProjectSection
EndProject
Project("{2150E333-8FDC-42A3-9474-1A3956D46DE8}") = "1. Elsa Infrastructure", "1. Elsa Infrastructure", "{4A93C3D9-DB0A-4B8E-9DCD-1F86E35FBA21}"
EndProject
Project("{2150E333-8FDC-42A3-9474-1A3956D46DE8}") = "2. Elsa Domain", "2. Elsa Domain", "{088EAB71-A987-436E-B1AC-2B2FD033927F}"
EndProject
Project("{2150E333-8FDC-42A3-9474-1A3956D46DE8}") = "3. Elsa Hosts", "3. Elsa Hosts", "{D4D2922E-4680-44BE-B4D8-2848EDE0B262}"
EndProject
Project("{FAE04EC0-301F-11D3-BF4B-00C04F79EFBC}") = "ElsaZone.WebApp", "ElsaZone.WebApp\ElsaZone.WebApp.csproj", "{2509A0FD-AB28-4B01-A279-D48445491D4E}"
EndProject
Project("{FAE04EC0-301F-11D3-BF4B-00C04F79EFBC}") = "ElsaZone.ApiIntegration", "ElsaZone.ApiIntegration\ElsaZone.ApiIntegration.csproj", "{85587E86-1FAA-4897-B277-ED7DE9818EBE}"
EndProject
Project("{FAE04EC0-301F-11D3-BF4B-00C04F79EFBC}") = "ElsaZone.Data", "ElsaZone.Data\ElsaZone.Data.csproj", "{0E197637-D4FA-4BF0-A973-1617AD206A6B}"
EndProject
Project("{FAE04EC0-301F-11D3-BF4B-00C04F79EFBC}") = "ElsaZone.Application", "ElsaZone.Application\ElsaZone.Application.csproj", "{D3244DA7-5386-46E2-881F-D2FAD38F1AAD}"
EndProject
Project("{FAE04EC0-301F-11D3-BF4B-00C04F79EFBC}") = "ElsaZone.ViewModels", "ElsaZone.ViewModels\ElsaZone.ViewModels.csproj", "{6A650F0F-8897-4801-AB58-9C395ABD3989}"
EndProject
Project("{FAE04EC0-301F-11D3-BF4B-00C04F79EFBC}") = "ElsaZone.Utilities", "ElsaZone.Utilities\ElsaZone.Utilities.csproj", "{A2813AC8-6A1B-4B4A-912D-E0ED6F945589}"
EndProject
Project("{FAE04EC0-301F-11D3-BF4B-00C04F79EFBC}") = "ElsaZone.BackEndApi", "ElsaZone.BackEndApi\ElsaZone.BackEndApi.csproj", "{2C1C8CC4-B71F-46C8-A49B-336DF8D06D2D}"
EndProject
Project("{FAE04EC0-301F-11D3-BF4B-00C04F79EFBC}") = "ElsaZone.AdminApp", "ElsaZone.AdminApp\ElsaZone.AdminApp.csproj", "{08CF721B-A4EA-4271-9281-B63D13B8E91B}"
EndProject
Global
	GlobalSection(SolutionConfigurationPlatforms) = preSolution
		Debug|Any CPU = Debug|Any CPU
		Release|Any CPU = Release|Any CPU
	EndGlobalSection
	GlobalSection(NestedProjects) = preSolution
		{2509A0FD-AB28-4B01-A279-D48445491D4E} = {D4D2922E-4680-44BE-B4D8-2848EDE0B262}
		{85587E86-1FAA-4897-B277-ED7DE9818EBE} = {D4D2922E-4680-44BE-B4D8-2848EDE0B262}
		{0E197637-D4FA-4BF0-A973-1617AD206A6B} = {088EAB71-A987-436E-B1AC-2B2FD033927F}
		{D3244DA7-5386-46E2-881F-D2FAD38F1AAD} = {088EAB71-A987-436E-B1AC-2B2FD033927F}
		{6A650F0F-8897-4801-AB58-9C395ABD3989} = {4A93C3D9-DB0A-4B8E-9DCD-1F86E35FBA21}
		{A2813AC8-6A1B-4B4A-912D-E0ED6F945589} = {4A93C3D9-DB0A-4B8E-9DCD-1F86E35FBA21}
		{2C1C8CC4-B71F-46C8-A49B-336DF8D06D2D} = {D4D2922E-4680-44BE-B4D8-2848EDE0B262}
		{08CF721B-A4EA-4271-9281-B63D13B8E91B} = {D4D2922E-4680-44BE-B4D8-2848EDE0B262}
	EndGlobalSection
	GlobalSection(ProjectConfigurationPlatforms) = postSolution
		{2509A0FD-AB28-4B01-A279-D48445491D4E}.Debug|Any CPU.ActiveCfg = Debug|Any CPU
		{2509A0FD-AB28-4B01-A279-D48445491D4E}.Debug|Any CPU.Build.0 = Debug|Any CPU
		{2509A0FD-AB28-4B01-A279-D48445491D4E}.Release|Any CPU.ActiveCfg = Release|Any CPU
		{2509A0FD-AB28-4B01-A279-D48445491D4E}.Release|Any CPU.Build.0 = Release|Any CPU
		{85587E86-1FAA-4897-B277-ED7DE9818EBE}.Debug|Any CPU.ActiveCfg = Debug|Any CPU
		{85587E86-1FAA-4897-B277-ED7DE9818EBE}.Debug|Any CPU.Build.0 = Debug|Any CPU
		{85587E86-1FAA-4897-B277-ED7DE9818EBE}.Release|Any CPU.ActiveCfg = Release|Any CPU
		{85587E86-1FAA-4897-B277-ED7DE9818EBE}.Release|Any CPU.Build.0 = Release|Any CPU
		{0E197637-D4FA-4BF0-A973-1617AD206A6B}.Debug|Any CPU.ActiveCfg = Debug|Any CPU
		{0E197637-D4FA-4BF0-A973-1617AD206A6B}.Debug|Any CPU.Build.0 = Debug|Any CPU
		{0E197637-D4FA-4BF0-A973-1617AD206A6B}.Release|Any CPU.ActiveCfg = Release|Any CPU
		{0E197637-D4FA-4BF0-A973-1617AD206A6B}.Release|Any CPU.Build.0 = Release|Any CPU
		{D3244DA7-5386-46E2-881F-D2FAD38F1AAD}.Debug|Any CPU.ActiveCfg = Debug|Any CPU
		{D3244DA7-5386-46E2-881F-D2FAD38F1AAD}.Debug|Any CPU.Build.0 = Debug|Any CPU
		{D3244DA7-5386-46E2-881F-D2FAD38F1AAD}.Release|Any CPU.ActiveCfg = Release|Any CPU
		{D3244DA7-5386-46E2-881F-D2FAD38F1AAD}.Release|Any CPU.Build.0 = Release|Any CPU
		{6A650F0F-8897-4801-AB58-9C395ABD3989}.Debug|Any CPU.ActiveCfg = Debug|Any CPU
		{6A650F0F-8897-4801-AB58-9C395ABD3989}.Debug|Any CPU.Build.0 = Debug|Any CPU
		{6A650F0F-8897-4801-AB58-9C395ABD3989}.Release|Any CPU.ActiveCfg = Release|Any CPU
		{6A650F0F-8897-4801-AB58-9C395ABD3989}.Release|Any CPU.Build.0 = Release|Any CPU
		{A2813AC8-6A1B-4B4A-912D-E0ED6F945589}.Debug|Any CPU.ActiveCfg = Debug|Any CPU
		{A2813AC8-6A1B-4B4A-912D-E0ED6F945589}.Debug|Any CPU.Build.0 = Debug|Any CPU
		{A2813AC8-6A1B-4B4A-912D-E0ED6F945589}.Release|Any CPU.ActiveCfg = Release|Any CPU
		{A2813AC8-6A1B-4B4A-912D-E0ED6F945589}.Release|Any CPU.Build.0 = Release|Any CPU
		{2C1C8CC4-B71F-46C8-A49B-336DF8D06D2D}.Debug|Any CPU.ActiveCfg = Debug|Any CPU
		{2C1C8CC4-B71F-46C8-A49B-336DF8D06D2D}.Debug|Any CPU.Build.0 = Debug|Any CPU
		{2C1C8CC4-B71F-46C8-A49B-336DF8D06D2D}.Release|Any CPU.ActiveCfg = Release|Any CPU
		{2C1C8CC4-B71F-46C8-A49B-336DF8D06D2D}.Release|Any CPU.Build.0 = Release|Any CPU
		{08CF721B-A4EA-4271-9281-B63D13B8E91B}.Debug|Any CPU.ActiveCfg = Debug|Any CPU
		{08CF721B-A4EA-4271-9281-B63D13B8E91B}.Debug|Any CPU.Build.0 = Debug|Any CPU
		{08CF721B-A4EA-4271-9281-B63D13B8E91B}.Release|Any CPU.ActiveCfg = Release|Any CPU
		{08CF721B-A4EA-4271-9281-B63D13B8E91B}.Release|Any CPU.Build.0 = Release|Any CPU
	EndGlobalSection
EndGlobal
